
Microsoft Visual Studio Solution File, Format Version 12.00
# Visual Studio Version 16
VisualStudioVersion = 16.0.30907.101
MinimumVisualStudioVersion = 10.0.40219.1
Project("{FAE04EC0-301F-11D3-BF4B-00C04F79EFBC}") = "TGL Editor", "TGL Editor\TGL Editor.csproj", "{D6443C10-EC7D-4CC3-9186-FEE55E10418C}"
EndProject
Global
	GlobalSection(SolutionConfigurationPlatforms) = preSolution
		Debug|Any CPU = Debug|Any CPU
		Release|Any CPU = Release|Any CPU
	EndGlobalSection
	GlobalSection(ProjectConfigurationPlatforms) = postSolution
		{D6443C10-EC7D-4CC3-9186-FEE55E10418C}.Debug|Any CPU.ActiveCfg = Debug|Any CPU
		{D6443C10-EC7D-4CC3-9186-FEE55E10418C}.Debug|Any CPU.Build.0 = Debug|Any CPU
		{D6443C10-EC7D-4CC3-9186-FEE55E10418C}.Release|Any CPU.ActiveCfg = Release|Any CPU
		{D6443C10-EC7D-4CC3-9186-FEE55E10418C}.Release|Any CPU.Build.0 = Release|Any CPU
	EndGlobalSection
	GlobalSection(SolutionProperties) = preSolution
		HideSolutionNode = FALSE
	EndGlobalSection
	GlobalSection(ExtensibilityGlobals) = postSolution
		SolutionGuid = {201683E4-B8C3-49F3-8815-9622C4EC578F}
	EndGlobalSection
EndGlobal
